// !$*UTF8*$!
{
	archiveVersion = 1;
	classes = {
	};
	objectVersion = 50;
	objects = {

/* Begin PBXBuildFile section */
		8404147541883C863A09C291 /* Pods_ToDoFire.framework in Frameworks */ = {isa = PBXBuildFile; fileRef = BA720C796A555086D4BDDC7C /* Pods_ToDoFire.framework */; };
		FB073BF5221693D5005BE268 /* AppDelegate.swift in Sources */ = {isa = PBXBuildFile; fileRef = FB073BF4221693D5005BE268 /* AppDelegate.swift */; };
		FB073BF7221693D5005BE268 /* LoginViewController.swift in Sources */ = {isa = PBXBuildFile; fileRef = FB073BF6221693D5005BE268 /* LoginViewController.swift */; };
		FB073BFA221693D5005BE268 /* Main.storyboard in Resources */ = {isa = PBXBuildFile; fileRef = FB073BF8221693D5005BE268 /* Main.storyboard */; };
		FB073BFC221693D6005BE268 /* Assets.xcassets in Resources */ = {isa = PBXBuildFile; fileRef = FB073BFB221693D6005BE268 /* Assets.xcassets */; };
		FB073BFF221693D6005BE268 /* LaunchScreen.storyboard in Resources */ = {isa = PBXBuildFile; fileRef = FB073BFD221693D6005BE268 /* LaunchScreen.storyboard */; };
		FB073C072216995C005BE268 /* TasksViewController.swift in Sources */ = {isa = PBXBuildFile; fileRef = FB073C062216995C005BE268 /* TasksViewController.swift */; };
		FB073C0F22169F17005BE268 /* GoogleService-Info.plist in Resources */ = {isa = PBXBuildFile; fileRef = FB073C0E22169F17005BE268 /* GoogleService-Info.plist */; };
		FB5B577E22172716007A6502 /* ExternalAccessory.framework in Frameworks */ = {isa = PBXBuildFile; fileRef = FB5B577D22172716007A6502 /* ExternalAccessory.framework */; };
		FBD97B232216EB9500983D82 /* Task.swift in Sources */ = {isa = PBXBuildFile; fileRef = FBD97B222216EB9500983D82 /* Task.swift */; };
		FBD97B252216EBA000983D82 /* CurrentUser.swift in Sources */ = {isa = PBXBuildFile; fileRef = FBD97B242216EBA000983D82 /* CurrentUser.swift */; };
/* End PBXBuildFile section */

/* Begin PBXFileReference section */
		7494DF7B465D12FE78C52B3F /* Pods-ToDoFire.debug.xcconfig */ = {isa = PBXFileReference; includeInIndex = 1; lastKnownFileType = text.xcconfig; name = "Pods-ToDoFire.debug.xcconfig"; path = "Pods/Target Support Files/Pods-ToDoFire/Pods-ToDoFire.debug.xcconfig"; sourceTree = "<group>"; };
		BA720C796A555086D4BDDC7C /* Pods_ToDoFire.framework */ = {isa = PBXFileReference; explicitFileType = wrapper.framework; includeInIndex = 0; path = Pods_ToDoFire.framework; sourceTree = BUILT_PRODUCTS_DIR; };
		DF92D396301B780E689FD727 /* Pods-ToDoFire.release.xcconfig */ = {isa = PBXFileReference; includeInIndex = 1; lastKnownFileType = text.xcconfig; name = "Pods-ToDoFire.release.xcconfig"; path = "Pods/Target Support Files/Pods-ToDoFire/Pods-ToDoFire.release.xcconfig"; sourceTree = "<group>"; };
		FB073BF1221693D5005BE268 /* ToDoFire.app */ = {isa = PBXFileReference; explicitFileType = wrapper.application; includeInIndex = 0; path = ToDoFire.app; sourceTree = BUILT_PRODUCTS_DIR; };
		FB073BF4221693D5005BE268 /* AppDelegate.swift */ = {isa = PBXFileReference; lastKnownFileType = sourcecode.swift; path = AppDelegate.swift; sourceTree = "<group>"; };
		FB073BF6221693D5005BE268 /* LoginViewController.swift */ = {isa = PBXFileReference; lastKnownFileType = sourcecode.swift; path = LoginViewController.swift; sourceTree = "<group>"; };
		FB073BF9221693D5005BE268 /* Base */ = {isa = PBXFileReference; lastKnownFileType = file.storyboard; name = Base; path = Base.lproj/Main.storyboard; sourceTree = "<group>"; };
		FB073BFB221693D6005BE268 /* Assets.xcassets */ = {isa = PBXFileReference; lastKnownFileType = folder.assetcatalog; path = Assets.xcassets; sourceTree = "<group>"; };
		FB073BFE221693D6005BE268 /* Base */ = {isa = PBXFileReference; lastKnownFileType = file.storyboard; name = Base; path = Base.lproj/LaunchScreen.storyboard; sourceTree = "<group>"; };
		FB073C00221693D6005BE268 /* Info.plist */ = {isa = PBXFileReference; lastKnownFileType = text.plist.xml; name = Info.plist; path = ToDoFire/SupportingFiles/Info.plist; sourceTree = SOURCE_ROOT; };
		FB073C062216995C005BE268 /* TasksViewController.swift */ = {isa = PBXFileReference; lastKnownFileType = sourcecode.swift; path = TasksViewController.swift; sourceTree = "<group>"; };
		FB073C0E22169F17005BE268 /* GoogleService-Info.plist */ = {isa = PBXFileReference; fileEncoding = 4; lastKnownFileType = text.plist.xml; path = "GoogleService-Info.plist"; sourceTree = "<group>"; };
		FB5B577D22172716007A6502 /* ExternalAccessory.framework */ = {isa = PBXFileReference; lastKnownFileType = wrapper.framework; name = ExternalAccessory.framework; path = System/Library/Frameworks/ExternalAccessory.framework; sourceTree = SDKROOT; };
		FB5B577F22172716007A6502 /* ToDoFire.entitlements */ = {isa = PBXFileReference; lastKnownFileType = text.plist.entitlements; path = ToDoFire.entitlements; sourceTree = "<group>"; };
		FB7DA5F82216BC9E009AA708 /* FirebaseAuth.framework */ = {isa = PBXFileReference; explicitFileType = wrapper.framework; path = FirebaseAuth.framework; sourceTree = BUILT_PRODUCTS_DIR; };
		FB7DA5FA2216BC9E009AA708 /* FirebaseCore.framework */ = {isa = PBXFileReference; explicitFileType = wrapper.framework; path = FirebaseCore.framework; sourceTree = BUILT_PRODUCTS_DIR; };
		FB7DA5FC2216BC9E009AA708 /* FirebaseDatabase.framework */ = {isa = PBXFileReference; explicitFileType = wrapper.framework; path = FirebaseDatabase.framework; sourceTree = BUILT_PRODUCTS_DIR; };
		FB7DA5FE2216BC9E009AA708 /* GoogleUtilities.framework */ = {isa = PBXFileReference; explicitFileType = wrapper.framework; path = GoogleUtilities.framework; sourceTree = BUILT_PRODUCTS_DIR; };
		FB7DA6002216BC9E009AA708 /* GTMSessionFetcher.framework */ = {isa = PBXFileReference; explicitFileType = wrapper.framework; path = GTMSessionFetcher.framework; sourceTree = BUILT_PRODUCTS_DIR; };
		FB7DA6022216BC9E009AA708 /* leveldb.framework */ = {isa = PBXFileReference; explicitFileType = wrapper.framework; path = leveldb.framework; sourceTree = BUILT_PRODUCTS_DIR; };
		FB7DA6042216BC9E009AA708 /* nanopb.framework */ = {isa = PBXFileReference; explicitFileType = wrapper.framework; path = nanopb.framework; sourceTree = BUILT_PRODUCTS_DIR; };
		FBD97B222216EB9500983D82 /* Task.swift */ = {isa = PBXFileReference; lastKnownFileType = sourcecode.swift; path = Task.swift; sourceTree = "<group>"; };
		FBD97B242216EBA000983D82 /* CurrentUser.swift */ = {isa = PBXFileReference; lastKnownFileType = sourcecode.swift; path = CurrentUser.swift; sourceTree = "<group>"; };
/* End PBXFileReference section */

/* Begin PBXFrameworksBuildPhase section */
		FB073BEE221693D5005BE268 /* Frameworks */ = {
			isa = PBXFrameworksBuildPhase;
			buildActionMask = 2147483647;
			files = (
				FB5B577E22172716007A6502 /* ExternalAccessory.framework in Frameworks */,
				8404147541883C863A09C291 /* Pods_ToDoFire.framework in Frameworks */,
			);
			runOnlyForDeploymentPostprocessing = 0;
		};
/* End PBXFrameworksBuildPhase section */

/* Begin PBXGroup section */
		411EAF1F2DDED69497D1048C /* Frameworks */ = {
			isa = PBXGroup;
			children = (
				FB5B577D22172716007A6502 /* ExternalAccessory.framework */,
				FB7DA5F82216BC9E009AA708 /* FirebaseAuth.framework */,
				FB7DA5FA2216BC9E009AA708 /* FirebaseCore.framework */,
				FB7DA5FC2216BC9E009AA708 /* FirebaseDatabase.framework */,
				FB7DA5FE2216BC9E009AA708 /* GoogleUtilities.framework */,
				FB7DA6002216BC9E009AA708 /* GTMSessionFetcher.framework */,
				FB7DA6022216BC9E009AA708 /* leveldb.framework */,
				FB7DA6042216BC9E009AA708 /* nanopb.framework */,
				BA720C796A555086D4BDDC7C /* Pods_ToDoFire.framework */,
			);
			name = Frameworks;
			sourceTree = "<group>";
		};
		9D49C0FC7B7558385BD6BEE0 /* Pods */ = {
			isa = PBXGroup;
			children = (
				7494DF7B465D12FE78C52B3F /* Pods-ToDoFire.debug.xcconfig */,
				DF92D396301B780E689FD727 /* Pods-ToDoFire.release.xcconfig */,
			);
			name = Pods;
			sourceTree = "<group>";
		};
		FB073BE8221693D5005BE268 = {
			isa = PBXGroup;
			children = (
				FB073BF3221693D5005BE268 /* ToDoFire */,
				FB073BF2221693D5005BE268 /* Products */,
				9D49C0FC7B7558385BD6BEE0 /* Pods */,
				411EAF1F2DDED69497D1048C /* Frameworks */,
			);
			sourceTree = "<group>";
		};
		FB073BF2221693D5005BE268 /* Products */ = {
			isa = PBXGroup;
			children = (
				FB073BF1221693D5005BE268 /* ToDoFire.app */,
			);
			name = Products;
			sourceTree = "<group>";
		};
		FB073BF3221693D5005BE268 /* ToDoFire */ = {
			isa = PBXGroup;
			children = (
				FB5B577F22172716007A6502 /* ToDoFire.entitlements */,
				FBD97B262216EBA700983D82 /* Models */,
				FB073C092216998A005BE268 /* Controller */,
				FB073C082216997C005BE268 /* SupportingFiles */,
			);
			path = ToDoFire;
			sourceTree = "<group>";
		};
		FB073C082216997C005BE268 /* SupportingFiles */ = {
			isa = PBXGroup;
			children = (
				FB073C00221693D6005BE268 /* Info.plist */,
				FB073C0E22169F17005BE268 /* GoogleService-Info.plist */,
				FB073BF4221693D5005BE268 /* AppDelegate.swift */,
				FB073BF8221693D5005BE268 /* Main.storyboard */,
				FB073BFB221693D6005BE268 /* Assets.xcassets */,
				FB073BFD221693D6005BE268 /* LaunchScreen.storyboard */,
			);
			path = SupportingFiles;
			sourceTree = "<group>";
		};
		FB073C092216998A005BE268 /* Controller */ = {
			isa = PBXGroup;
			children = (
				FB073BF6221693D5005BE268 /* LoginViewController.swift */,
				FB073C062216995C005BE268 /* TasksViewController.swift */,
			);
			path = Controller;
			sourceTree = "<group>";
		};
		FBD97B262216EBA700983D82 /* Models */ = {
			isa = PBXGroup;
			children = (
				FBD97B222216EB9500983D82 /* Task.swift */,
				FBD97B242216EBA000983D82 /* CurrentUser.swift */,
			);
			path = Models;
			sourceTree = "<group>";
		};
/* End PBXGroup section */

/* Begin PBXNativeTarget section */
		FB073BF0221693D5005BE268 /* ToDoFire */ = {
			isa = PBXNativeTarget;
			buildConfigurationList = FB073C03221693D6005BE268 /* Build configuration list for PBXNativeTarget "ToDoFire" */;
			buildPhases = (
				849EEBBCA1B46F1EC8259FFA /* [CP] Check Pods Manifest.lock */,
				FB073BED221693D5005BE268 /* Sources */,
				FB073BEE221693D5005BE268 /* Frameworks */,
				FB073BEF221693D5005BE268 /* Resources */,
				C4D6D9E5F98A283AA4FB4B11 /* [CP] Embed Pods Frameworks */,
			);
			buildRules = (
			);
			dependencies = (
			);
			name = ToDoFire;
			productName = ToDoFire;
			productReference = FB073BF1221693D5005BE268 /* ToDoFire.app */;
			productType = "com.apple.product-type.application";
		};
/* End PBXNativeTarget section */

/* Begin PBXProject section */
		FB073BE9221693D5005BE268 /* Project object */ = {
			isa = PBXProject;
			attributes = {
				LastSwiftUpdateCheck = 1010;
				LastUpgradeCheck = 1010;
				ORGANIZATIONNAME = "Michail Bondarenko";
				TargetAttributes = {
					FB073BF0221693D5005BE268 = {
						CreatedOnToolsVersion = 10.1;
						SystemCapabilities = {
							com.apple.WAC = {
								enabled = 1;
							};
						};
					};
				};
			};
			buildConfigurationList = FB073BEC221693D5005BE268 /* Build configuration list for PBXProject "ToDoFire" */;
			compatibilityVersion = "Xcode 9.3";
			developmentRegion = en;
			hasScannedForEncodings = 0;
			knownRegions = (
				en,
				Base,
			);
			mainGroup = FB073BE8221693D5005BE268;
			productRefGroup = FB073BF2221693D5005BE268 /* Products */;
			projectDirPath = "";
			projectRoot = "";
			targets = (
				FB073BF0221693D5005BE268 /* ToDoFire */,
			);
		};
/* End PBXProject section */

/* Begin PBXResourcesBuildPhase section */
		FB073BEF221693D5005BE268 /* Resources */ = {
			isa = PBXResourcesBuildPhase;
			buildActionMask = 2147483647;
			files = (
				FB073BFF221693D6005BE268 /* LaunchScreen.storyboard in Resources */,
				FB073C0F22169F17005BE268 /* GoogleService-Info.plist in Resources */,
				FB073BFC221693D6005BE268 /* Assets.xcassets in Resources */,
				FB073BFA221693D5005BE268 /* Main.storyboard in Resources */,
			);
			runOnlyForDeploymentPostprocessing = 0;
		};
/* End PBXResourcesBuildPhase section */

/* Begin PBXShellScriptBuildPhase section */
		849EEBBCA1B46F1EC8259FFA /* [CP] Check Pods Manifest.lock */ = {
			isa = PBXShellScriptBuildPhase;
			buildActionMask = 2147483647;
			files = (
			);
			inputFileListPaths = (
			);
			inputPaths = (
				"${PODS_PODFILE_DIR_PATH}/Podfile.lock",
				"${PODS_ROOT}/Manifest.lock",
			);
			name = "[CP] Check Pods Manifest.lock";
			outputFileListPaths = (
			);
			outputPaths = (
				"$(DERIVED_FILE_DIR)/Pods-ToDoFire-checkManifestLockResult.txt",
			);
			runOnlyForDeploymentPostprocessing = 0;
			shellPath = /bin/sh;
			shellScript = "diff \"${PODS_PODFILE_DIR_PATH}/Podfile.lock\" \"${PODS_ROOT}/Manifest.lock\" > /dev/null\nif [ $? != 0 ] ; then\n    # print error to STDERR\n    echo \"error: The sandbox is not in sync with the Podfile.lock. Run 'pod install' or update your CocoaPods installation.\" >&2\n    exit 1\nfi\n# This output is used by Xcode 'outputs' to avoid re-running this script phase.\necho \"SUCCESS\" > \"${SCRIPT_OUTPUT_FILE_0}\"\n";
			showEnvVarsInLog = 0;
		};
		C4D6D9E5F98A283AA4FB4B11 /* [CP] Embed Pods Frameworks */ = {
			isa = PBXShellScriptBuildPhase;
			buildActionMask = 2147483647;
			files = (
			);
			inputFileListPaths = (
			);
			inputPaths = (
				"${SRCROOT}/Pods/Target Support Files/Pods-ToDoFire/Pods-ToDoFire-frameworks.sh",
				"${BUILT_PRODUCTS_DIR}/GTMSessionFetcher/GTMSessionFetcher.framework",
				"${BUILT_PRODUCTS_DIR}/GoogleUtilities/GoogleUtilities.framework",
				"${BUILT_PRODUCTS_DIR}/leveldb-library/leveldb.framework",
				"${BUILT_PRODUCTS_DIR}/nanopb/nanopb.framework",
			);
			name = "[CP] Embed Pods Frameworks";
			outputFileListPaths = (
			);
			outputPaths = (
				"${TARGET_BUILD_DIR}/${FRAMEWORKS_FOLDER_PATH}/GTMSessionFetcher.framework",
				"${TARGET_BUILD_DIR}/${FRAMEWORKS_FOLDER_PATH}/GoogleUtilities.framework",
				"${TARGET_BUILD_DIR}/${FRAMEWORKS_FOLDER_PATH}/leveldb.framework",
				"${TARGET_BUILD_DIR}/${FRAMEWORKS_FOLDER_PATH}/nanopb.framework",
			);
			runOnlyForDeploymentPostprocessing = 0;
			shellPath = /bin/sh;
			shellScript = "\"${SRCROOT}/Pods/Target Support Files/Pods-ToDoFire/Pods-ToDoFire-frameworks.sh\"\n";
			showEnvVarsInLog = 0;
		};
/* End PBXShellScriptBuildPhase section */

/* Begin PBXSourcesBuildPhase section */
		FB073BED221693D5005BE268 /* Sources */ = {
			isa = PBXSourcesBuildPhase;
			buildActionMask = 2147483647;
			files = (
				FBD97B232216EB9500983D82 /* Task.swift in Sources */,
				FB073BF7221693D5005BE268 /* LoginViewController.swift in Sources */,
				FB073BF5221693D5005BE268 /* AppDelegate.swift in Sources */,
				FBD97B252216EBA000983D82 /* CurrentUser.swift in Sources */,
				FB073C072216995C005BE268 /* TasksViewController.swift in Sources */,
			);
			runOnlyForDeploymentPostprocessing = 0;
		};
/* End PBXSourcesBuildPhase section */

/* Begin PBXVariantGroup section */
		FB073BF8221693D5005BE268 /* Main.storyboard */ = {
			isa = PBXVariantGroup;
			children = (
				FB073BF9221693D5005BE268 /* Base */,
			);
			name = Main.storyboard;
			sourceTree = "<group>";
		};
		FB073BFD221693D6005BE268 /* LaunchScreen.storyboard */ = {
			isa = PBXVariantGroup;
			children = (
				FB073BFE221693D6005BE268 /* Base */,
			);
			name = LaunchScreen.storyboard;
			sourceTree = "<group>";
		};
/* End PBXVariantGroup section */

/* Begin XCBuildConfiguration section */
		FB073C01221693D6005BE268 /* Debug */ = {
			isa = XCBuildConfiguration;
			buildSettings = {
				ALWAYS_SEARCH_USER_PATHS = NO;
				CLANG_ANALYZER_NONNULL = YES;
				CLANG_ANALYZER_NUMBER_OBJECT_CONVERSION = YES_AGGRESSIVE;
				CLANG_CXX_LANGUAGE_STANDARD = "gnu++14";
				CLANG_CXX_LIBRARY = "libc++";
				CLANG_ENABLE_MODULES = YES;
				CLANG_ENABLE_OBJC_ARC = YES;
				CLANG_ENABLE_OBJC_WEAK = YES;
				CLANG_WARN_BLOCK_CAPTURE_AUTORELEASING = YES;
				CLANG_WARN_BOOL_CONVERSION = YES;
				CLANG_WARN_COMMA = YES;
				CLANG_WARN_CONSTANT_CONVERSION = YES;
				CLANG_WARN_DEPRECATED_OBJC_IMPLEMENTATIONS = YES;
				CLANG_WARN_DIRECT_OBJC_ISA_USAGE = YES_ERROR;
				CLANG_WARN_DOCUMENTATION_COMMENTS = YES;
				CLANG_WARN_EMPTY_BODY = YES;
				CLANG_WARN_ENUM_CONVERSION = YES;
				CLANG_WARN_INFINITE_RECURSION = YES;
				CLANG_WARN_INT_CONVERSION = YES;
				CLANG_WARN_NON_LITERAL_NULL_CONVERSION = YES;
				CLANG_WARN_OBJC_IMPLICIT_RETAIN_SELF = YES;
				CLANG_WARN_OBJC_LITERAL_CONVERSION = YES;
				CLANG_WARN_OBJC_ROOT_CLASS = YES_ERROR;
				CLANG_WARN_RANGE_LOOP_ANALYSIS = YES;
				CLANG_WARN_STRICT_PROTOTYPES = YES;
				CLANG_WARN_SUSPICIOUS_MOVE = YES;
				CLANG_WARN_UNGUARDED_AVAILABILITY = YES_AGGRESSIVE;
				CLANG_WARN_UNREACHABLE_CODE = YES;
				CLANG_WARN__DUPLICATE_METHOD_MATCH = YES;
				CODE_SIGN_IDENTITY = "iPhone Developer";
				COPY_PHASE_STRIP = NO;
				DEBUG_INFORMATION_FORMAT = dwarf;
				ENABLE_STRICT_OBJC_MSGSEND = YES;
				ENABLE_TESTABILITY = YES;
				GCC_C_LANGUAGE_STANDARD = gnu11;
				GCC_DYNAMIC_NO_PIC = NO;
				GCC_NO_COMMON_BLOCKS = YES;
				GCC_OPTIMIZATION_LEVEL = 0;
				GCC_PREPROCESSOR_DEFINITIONS = (
					"DEBUG=1",
					"$(inherited)",
				);
				GCC_WARN_64_TO_32_BIT_CONVERSION = YES;
				GCC_WARN_ABOUT_RETURN_TYPE = YES_ERROR;
				GCC_WARN_UNDECLARED_SELECTOR = YES;
				GCC_WARN_UNINITIALIZED_AUTOS = YES_AGGRESSIVE;
				GCC_WARN_UNUSED_FUNCTION = YES;
				GCC_WARN_UNUSED_VARIABLE = YES;
				IPHONEOS_DEPLOYMENT_TARGET = 12.1;
				MTL_ENABLE_DEBUG_INFO = INCLUDE_SOURCE;
				MTL_FAST_MATH = YES;
				ONLY_ACTIVE_ARCH = YES;
				SDKROOT = iphoneos;
				SWIFT_ACTIVE_COMPILATION_CONDITIONS = DEBUG;
				SWIFT_OPTIMIZATION_LEVEL = "-Onone";
			};
			name = Debug;
		};
		FB073C02221693D6005BE268 /* Release */ = {
			isa = XCBuildConfiguration;
			buildSettings = {
				ALWAYS_SEARCH_USER_PATHS = NO;
				CLANG_ANALYZER_NONNULL = YES;
				CLANG_ANALYZER_NUMBER_OBJECT_CONVERSION = YES_AGGRESSIVE;
				CLANG_CXX_LANGUAGE_STANDARD = "gnu++14";
				CLANG_CXX_LIBRARY = "libc++";
				CLANG_ENABLE_MODULES = YES;
				CLANG_ENABLE_OBJC_ARC = YES;
				CLANG_ENABLE_OBJC_WEAK = YES;
				CLANG_WARN_BLOCK_CAPTURE_AUTORELEASING = YES;
				CLANG_WARN_BOOL_CONVERSION = YES;
				CLANG_WARN_COMMA = YES;
				CLANG_WARN_CONSTANT_CONVERSION = YES;
				CLANG_WARN_DEPRECATED_OBJC_IMPLEMENTATIONS = YES;
				CLANG_WARN_DIRECT_OBJC_ISA_USAGE = YES_ERROR;
				CLANG_WARN_DOCUMENTATION_COMMENTS = YES;
				CLANG_WARN_EMPTY_BODY = YES;
				CLANG_WARN_ENUM_CONVERSION = YES;
				CLANG_WARN_INFINITE_RECURSION = YES;
				CLANG_WARN_INT_CONVERSION = YES;
				CLANG_WARN_NON_LITERAL_NULL_CONVERSION = YES;
				CLANG_WARN_OBJC_IMPLICIT_RETAIN_SELF = YES;
				CLANG_WARN_OBJC_LITERAL_CONVERSION = YES;
				CLANG_WARN_OBJC_ROOT_CLASS = YES_ERROR;
				CLANG_WARN_RANGE_LOOP_ANALYSIS = YES;
				CLANG_WARN_STRICT_PROTOTYPES = YES;
				CLANG_WARN_SUSPICIOUS_MOVE = YES;
				CLANG_WARN_UNGUARDED_AVAILABILITY = YES_AGGRESSIVE;
				CLANG_WARN_UNREACHABLE_CODE = YES;
				CLANG_WARN__DUPLICATE_METHOD_MATCH = YES;
				CODE_SIGN_IDENTITY = "iPhone Developer";
				COPY_PHASE_STRIP = NO;
				DEBUG_INFORMATION_FORMAT = "dwarf-with-dsym";
				ENABLE_NS_ASSERTIONS = NO;
				ENABLE_STRICT_OBJC_MSGSEND = YES;
				GCC_C_LANGUAGE_STANDARD = gnu11;
				GCC_NO_COMMON_BLOCKS = YES;
				GCC_WARN_64_TO_32_BIT_CONVERSION = YES;
				GCC_WARN_ABOUT_RETURN_TYPE = YES_ERROR;
				GCC_WARN_UNDECLARED_SELECTOR = YES;
				GCC_WARN_UNINITIALIZED_AUTOS = YES_AGGRESSIVE;
				GCC_WARN_UNUSED_FUNCTION = YES;
				GCC_WARN_UNUSED_VARIABLE = YES;
				IPHONEOS_DEPLOYMENT_TARGET = 12.1;
				MTL_ENABLE_DEBUG_INFO = NO;
				MTL_FAST_MATH = YES;
				SDKROOT = iphoneos;
				SWIFT_COMPILATION_MODE = wholemodule;
				SWIFT_OPTIMIZATION_LEVEL = "-O";
				VALIDATE_PRODUCT = YES;
			};
			name = Release;
		};
		FB073C04221693D6005BE268 /* Debug */ = {
			isa = XCBuildConfiguration;
			baseConfigurationReference = 7494DF7B465D12FE78C52B3F /* Pods-ToDoFire.debug.xcconfig */;
			buildSettings = {
				ASSETCATALOG_COMPILER_APPICON_NAME = AppIcon;
				CODE_SIGN_ENTITLEMENTS = ToDoFire/ToDoFire.entitlements;
				CODE_SIGN_STYLE = Automatic;
				DEVELOPMENT_TEAM = GYWWW55376;
				INFOPLIST_FILE = "$(SRCROOT)/ToDoFire/SupportingFiles/Info.plist";
				IPHONEOS_DEPLOYMENT_TARGET = 12.0;
				LD_RUNPATH_SEARCH_PATHS = (
					"$(inherited)",
					"@executable_path/Frameworks",
				);
				PRODUCT_BUNDLE_IDENTIFIER = com.mcmikius.ToDoFire;
				PRODUCT_NAME = "$(TARGET_NAME)";
				SWIFT_VERSION = 4.2;
				TARGETED_DEVICE_FAMILY = 1;
			};
			name = Debug;
		};
		FB073C05221693D6005BE268 /* Release */ = {
			isa = XCBuildConfiguration;
			baseConfigurationReference = DF92D396301B780E689FD727 /* Pods-ToDoFire.release.xcconfig */;
			buildSettings = {
				ASSETCATALOG_COMPILER_APPICON_NAME = AppIcon;
				CODE_SIGN_ENTITLEMENTS = ToDoFire/ToDoFire.entitlements;
				CODE_SIGN_STYLE = Automatic;
				DEVELOPMENT_TEAM = GYWWW55376;
				INFOPLIST_FILE = "$(SRCROOT)/ToDoFire/SupportingFiles/Info.plist";
				IPHONEOS_DEPLOYMENT_TARGET = 12.0;
				LD_RUNPATH_SEARCH_PATHS = (
					"$(inherited)",
					"@executable_path/Frameworks",
				);
				PRODUCT_BUNDLE_IDENTIFIER = com.mcmikius.ToDoFire;
				PRODUCT_NAME = "$(TARGET_NAME)";
				SWIFT_VERSION = 4.2;
				TARGETED_DEVICE_FAMILY = 1;
			};
			name = Release;
		};
/* End XCBuildConfiguration section */

/* Begin XCConfigurationList section */
		FB073BEC221693D5005BE268 /* Build configuration list for PBXProject "ToDoFire" */ = {
			isa = XCConfigurationList;
			buildConfigurations = (
				FB073C01221693D6005BE268 /* Debug */,
				FB073C02221693D6005BE268 /* Release */,
			);
			defaultConfigurationIsVisible = 0;
			defaultConfigurationName = Release;
		};
		FB073C03221693D6005BE268 /* Build configuration list for PBXNativeTarget "ToDoFire" */ = {
			isa = XCConfigurationList;
			buildConfigurations = (
				FB073C04221693D6005BE268 /* Debug */,
				FB073C05221693D6005BE268 /* Release */,
			);
			defaultConfigurationIsVisible = 0;
			defaultConfigurationName = Release;
		};
/* End XCConfigurationList section */
	};
	rootObject = FB073BE9221693D5005BE268 /* Project object */;
}
